
Microsoft Visual Studio Solution File, Format Version 12.00
# Visual Studio Version 16
VisualStudioVersion = 16.0.31702.278
MinimumVisualStudioVersion = 10.0.40219.1
Project("{FAE04EC0-301F-11D3-BF4B-00C04F79EFBC}") = "Start", "Start.csproj", "{E9BD07F8-33C9-46D2-AB55-10F5E7B1AA85}"
EndProject
Global
	GlobalSection(SolutionConfigurationPlatforms) = preSolution
		Debug|Any CPU = Debug|Any CPU
		Release|Any CPU = Release|Any CPU
	EndGlobalSection
	GlobalSection(ProjectConfigurationPlatforms) = postSolution
		{E9BD07F8-33C9-46D2-AB55-10F5E7B1AA85}.Debug|Any CPU.ActiveCfg = Debug|Any CPU
		{E9BD07F8-33C9-46D2-AB55-10F5E7B1AA85}.Debug|Any CPU.Build.0 = Debug|Any CPU
		{E9BD07F8-33C9-46D2-AB55-10F5E7B1AA85}.Release|Any CPU.ActiveCfg = Release|Any CPU
		{E9BD07F8-33C9-46D2-AB55-10F5E7B1AA85}.Release|Any CPU.Build.0 = Release|Any CPU
	EndGlobalSection
	GlobalSection(SolutionProperties) = preSolution
		HideSolutionNode = FALSE
	EndGlobalSection
	GlobalSection(ExtensibilityGlobals) = postSolution
		SolutionGuid = {BEE5EB74-3C75-4CD5-99D8-85A4A38191A5}
	EndGlobalSection
EndGlobal
